
Microsoft Visual Studio Solution File, Format Version 12.00
# Visual Studio Version 17
VisualStudioVersion = 17.10.35122.118
MinimumVisualStudioVersion = 10.0.40219.1
Project("{FAE04EC0-301F-11D3-BF4B-00C04F79EFBC}") = "MyNotepad", "MyNotepad\MyNotepad.csproj", "{C34AE3A6-04C3-4C45-880F-777695EC29D5}"
EndProject
Global
	GlobalSection(SolutionConfigurationPlatforms) = preSolution
		Debug|Any CPU = Debug|Any CPU
		Release|Any CPU = Release|Any CPU
	EndGlobalSection
	GlobalSection(ProjectConfigurationPlatforms) = postSolution
		{C34AE3A6-04C3-4C45-880F-777695EC29D5}.Debug|Any CPU.ActiveCfg = Debug|Any CPU
		{C34AE3A6-04C3-4C45-880F-777695EC29D5}.Debug|Any CPU.Build.0 = Debug|Any CPU
		{C34AE3A6-04C3-4C45-880F-777695EC29D5}.Release|Any CPU.ActiveCfg = Release|Any CPU
		{C34AE3A6-04C3-4C45-880F-777695EC29D5}.Release|Any CPU.Build.0 = Release|Any CPU
	EndGlobalSection
	GlobalSection(SolutionProperties) = preSolution
		HideSolutionNode = FALSE
	EndGlobalSection
	GlobalSection(ExtensibilityGlobals) = postSolution
		SolutionGuid = {854A0027-D1DB-4ECA-B4A2-EBB8BEA120A1}
	EndGlobalSection
EndGlobal
